// !$*UTF8*$!
{
	archiveVersion = 1;
	classes = {
	};
	objectVersion = 56;
	objects = {

/* Begin PBXBuildFile section */
		CE5059B32B1CF42500AEEA83 /* Apple_FrameworksApp.swift in Sources */ = {isa = PBXBuildFile; fileRef = CE5059B22B1CF42500AEEA83 /* Apple_FrameworksApp.swift */; };
		CE5059B52B1CF42500AEEA83 /* ContentView.swift in Sources */ = {isa = PBXBuildFile; fileRef = CE5059B42B1CF42500AEEA83 /* ContentView.swift */; };
		CE5059B72B1CF42600AEEA83 /* Assets.xcassets in Resources */ = {isa = PBXBuildFile; fileRef = CE5059B62B1CF42600AEEA83 /* Assets.xcassets */; };
		CE5059BA2B1CF42600AEEA83 /* Preview Assets.xcassets in Resources */ = {isa = PBXBuildFile; fileRef = CE5059B92B1CF42600AEEA83 /* Preview Assets.xcassets */; };
		CE5059C42B1CF42600AEEA83 /* Apple_FrameworksTests.swift in Sources */ = {isa = PBXBuildFile; fileRef = CE5059C32B1CF42600AEEA83 /* Apple_FrameworksTests.swift */; };
		CE5059CE2B1CF42600AEEA83 /* Apple_FrameworksUITests.swift in Sources */ = {isa = PBXBuildFile; fileRef = CE5059CD2B1CF42600AEEA83 /* Apple_FrameworksUITests.swift */; };
		CE5059D02B1CF42600AEEA83 /* Apple_FrameworksUITestsLaunchTests.swift in Sources */ = {isa = PBXBuildFile; fileRef = CE5059CF2B1CF42600AEEA83 /* Apple_FrameworksUITestsLaunchTests.swift */; };
/* End PBXBuildFile section */

/* Begin PBXContainerItemProxy section */
		CE5059C02B1CF42600AEEA83 /* PBXContainerItemProxy */ = {
			isa = PBXContainerItemProxy;
			containerPortal = CE5059A72B1CF42500AEEA83 /* Project object */;
			proxyType = 1;
			remoteGlobalIDString = CE5059AE2B1CF42500AEEA83;
			remoteInfo = "Apple Frameworks";
		};
		CE5059CA2B1CF42600AEEA83 /* PBXContainerItemProxy */ = {
			isa = PBXContainerItemProxy;
			containerPortal = CE5059A72B1CF42500AEEA83 /* Project object */;
			proxyType = 1;
			remoteGlobalIDString = CE5059AE2B1CF42500AEEA83;
			remoteInfo = "Apple Frameworks";
		};
/* End PBXContainerItemProxy section */

/* Begin PBXFileReference section */
		CE5059AF2B1CF42500AEEA83 /* Apple Frameworks.app */ = {isa = PBXFileReference; explicitFileType = wrapper.application; includeInIndex = 0; path = "Apple Frameworks.app"; sourceTree = BUILT_PRODUCTS_DIR; };
		CE5059B22B1CF42500AEEA83 /* Apple_FrameworksApp.swift */ = {isa = PBXFileReference; lastKnownFileType = sourcecode.swift; path = Apple_FrameworksApp.swift; sourceTree = "<group>"; };
		CE5059B42B1CF42500AEEA83 /* ContentView.swift */ = {isa = PBXFileReference; lastKnownFileType = sourcecode.swift; path = ContentView.swift; sourceTree = "<group>"; };
		CE5059B62B1CF42600AEEA83 /* Assets.xcassets */ = {isa = PBXFileReference; lastKnownFileType = folder.assetcatalog; path = Assets.xcassets; sourceTree = "<group>"; };
		CE5059B92B1CF42600AEEA83 /* Preview Assets.xcassets */ = {isa = PBXFileReference; lastKnownFileType = folder.assetcatalog; path = "Preview Assets.xcassets"; sourceTree = "<group>"; };
		CE5059BF2B1CF42600AEEA83 /* Apple FrameworksTests.xctest */ = {isa = PBXFileReference; explicitFileType = wrapper.cfbundle; includeInIndex = 0; path = "Apple FrameworksTests.xctest"; sourceTree = BUILT_PRODUCTS_DIR; };
		CE5059C32B1CF42600AEEA83 /* Apple_FrameworksTests.swift */ = {isa = PBXFileReference; lastKnownFileType = sourcecode.swift; path = Apple_FrameworksTests.swift; sourceTree = "<group>"; };
		CE5059C92B1CF42600AEEA83 /* Apple FrameworksUITests.xctest */ = {isa = PBXFileReference; explicitFileType = wrapper.cfbundle; includeInIndex = 0; path = "Apple FrameworksUITests.xctest"; sourceTree = BUILT_PRODUCTS_DIR; };
		CE5059CD2B1CF42600AEEA83 /* Apple_FrameworksUITests.swift */ = {isa = PBXFileReference; lastKnownFileType = sourcecode.swift; path = Apple_FrameworksUITests.swift; sourceTree = "<group>"; };
		CE5059CF2B1CF42600AEEA83 /* Apple_FrameworksUITestsLaunchTests.swift */ = {isa = PBXFileReference; lastKnownFileType = sourcecode.swift; path = Apple_FrameworksUITestsLaunchTests.swift; sourceTree = "<group>"; };
/* End PBXFileReference section */

/* Begin PBXFrameworksBuildPhase section */
		CE5059AC2B1CF42500AEEA83 /* Frameworks */ = {
			isa = PBXFrameworksBuildPhase;
			buildActionMask = 2147483647;
			files = (
			);
			runOnlyForDeploymentPostprocessing = 0;
		};
		CE5059BC2B1CF42600AEEA83 /* Frameworks */ = {
			isa = PBXFrameworksBuildPhase;
			buildActionMask = 2147483647;
			files = (
			);
			runOnlyForDeploymentPostprocessing = 0;
		};
		CE5059C62B1CF42600AEEA83 /* Frameworks */ = {
			isa = PBXFrameworksBuildPhase;
			buildActionMask = 2147483647;
			files = (
			);
			runOnlyForDeploymentPostprocessing = 0;
		};
/* End PBXFrameworksBuildPhase section */

/* Begin PBXGroup section */
		CE5059A62B1CF42500AEEA83 = {
			isa = PBXGroup;
			children = (
				CE5059B12B1CF42500AEEA83 /* Apple Frameworks */,
				CE5059C22B1CF42600AEEA83 /* Apple FrameworksTests */,
				CE5059CC2B1CF42600AEEA83 /* Apple FrameworksUITests */,
				CE5059B02B1CF42500AEEA83 /* Products */,
			);
			sourceTree = "<group>";
		};
		CE5059B02B1CF42500AEEA83 /* Products */ = {
			isa = PBXGroup;
			children = (
				CE5059AF2B1CF42500AEEA83 /* Apple Frameworks.app */,
				CE5059BF2B1CF42600AEEA83 /* Apple FrameworksTests.xctest */,
				CE5059C92B1CF42600AEEA83 /* Apple FrameworksUITests.xctest */,
			);
			name = Products;
			sourceTree = "<group>";
		};
		CE5059B12B1CF42500AEEA83 /* Apple Frameworks */ = {
			isa = PBXGroup;
			children = (
				CE5059B22B1CF42500AEEA83 /* Apple_FrameworksApp.swift */,
				CE5059B42B1CF42500AEEA83 /* ContentView.swift */,
				CE5059B62B1CF42600AEEA83 /* Assets.xcassets */,
				CE5059B82B1CF42600AEEA83 /* Preview Content */,
			);
			path = "Apple Frameworks";
			sourceTree = "<group>";
		};
		CE5059B82B1CF42600AEEA83 /* Preview Content */ = {
			isa = PBXGroup;
			children = (
				CE5059B92B1CF42600AEEA83 /* Preview Assets.xcassets */,
			);
			path = "Preview Content";
			sourceTree = "<group>";
		};
		CE5059C22B1CF42600AEEA83 /* Apple FrameworksTests */ = {
			isa = PBXGroup;
			children = (
				CE5059C32B1CF42600AEEA83 /* Apple_FrameworksTests.swift */,
			);
			path = "Apple FrameworksTests";
			sourceTree = "<group>";
		};
		CE5059CC2B1CF42600AEEA83 /* Apple FrameworksUITests */ = {
			isa = PBXGroup;
			children = (
				CE5059CD2B1CF42600AEEA83 /* Apple_FrameworksUITests.swift */,
				CE5059CF2B1CF42600AEEA83 /* Apple_FrameworksUITestsLaunchTests.swift */,
			);
			path = "Apple FrameworksUITests";
			sourceTree = "<group>";
		};
/* End PBXGroup section */

/* Begin PBXNativeTarget section */
		CE5059AE2B1CF42500AEEA83 /* Apple Frameworks */ = {
			isa = PBXNativeTarget;
			buildConfigurationList = CE5059D32B1CF42600AEEA83 /* Build configuration list for PBXNativeTarget "Apple Frameworks" */;
			buildPhases = (
				CE5059AB2B1CF42500AEEA83 /* Sources */,
				CE5059AC2B1CF42500AEEA83 /* Frameworks */,
				CE5059AD2B1CF42500AEEA83 /* Resources */,
			);
			buildRules = (
			);
			dependencies = (
			);
			name = "Apple Frameworks";
			productName = "Apple Frameworks";
			productReference = CE5059AF2B1CF42500AEEA83 /* Apple Frameworks.app */;
			productType = "com.apple.product-type.application";
		};
		CE5059BE2B1CF42600AEEA83 /* Apple FrameworksTests */ = {
			isa = PBXNativeTarget;
			buildConfigurationList = CE5059D62B1CF42600AEEA83 /* Build configuration list for PBXNativeTarget "Apple FrameworksTests" */;
			buildPhases = (
				CE5059BB2B1CF42600AEEA83 /* Sources */,
				CE5059BC2B1CF42600AEEA83 /* Frameworks */,
				CE5059BD2B1CF42600AEEA83 /* Resources */,
			);
			buildRules = (
			);
			dependencies = (
				CE5059C12B1CF42600AEEA83 /* PBXTargetDependency */,
			);
			name = "Apple FrameworksTests";
			productName = "Apple FrameworksTests";
			productReference = CE5059BF2B1CF42600AEEA83 /* Apple FrameworksTests.xctest */;
			productType = "com.apple.product-type.bundle.unit-test";
		};
		CE5059C82B1CF42600AEEA83 /* Apple FrameworksUITests */ = {
			isa = PBXNativeTarget;
			buildConfigurationList = CE5059D92B1CF42600AEEA83 /* Build configuration list for PBXNativeTarget "Apple FrameworksUITests" */;
			buildPhases = (
				CE5059C52B1CF42600AEEA83 /* Sources */,
				CE5059C62B1CF42600AEEA83 /* Frameworks */,
				CE5059C72B1CF42600AEEA83 /* Resources */,
			);
			buildRules = (
			);
			dependencies = (
				CE5059CB2B1CF42600AEEA83 /* PBXTargetDependency */,
			);
			name = "Apple FrameworksUITests";
			productName = "Apple FrameworksUITests";
			productReference = CE5059C92B1CF42600AEEA83 /* Apple FrameworksUITests.xctest */;
			productType = "com.apple.product-type.bundle.ui-testing";
		};
/* End PBXNativeTarget section */

/* Begin PBXProject section */
		CE5059A72B1CF42500AEEA83 /* Project object */ = {
			isa = PBXProject;
			attributes = {
				BuildIndependentTargetsInParallel = 1;
				LastSwiftUpdateCheck = 1430;
				LastUpgradeCheck = 1430;
				TargetAttributes = {
					CE5059AE2B1CF42500AEEA83 = {
						CreatedOnToolsVersion = 14.3.1;
					};
					CE5059BE2B1CF42600AEEA83 = {
						CreatedOnToolsVersion = 14.3.1;
						TestTargetID = CE5059AE2B1CF42500AEEA83;
					};
					CE5059C82B1CF42600AEEA83 = {
						CreatedOnToolsVersion = 14.3.1;
						TestTargetID = CE5059AE2B1CF42500AEEA83;
					};
				};
			};
			buildConfigurationList = CE5059AA2B1CF42500AEEA83 /* Build configuration list for PBXProject "Apple Frameworks" */;
			compatibilityVersion = "Xcode 14.0";
			developmentRegion = en;
			hasScannedForEncodings = 0;
			knownRegions = (
				en,
				Base,
			);
			mainGroup = CE5059A62B1CF42500AEEA83;
			productRefGroup = CE5059B02B1CF42500AEEA83 /* Products */;
			projectDirPath = "";
			projectRoot = "";
			targets = (
				CE5059AE2B1CF42500AEEA83 /* Apple Frameworks */,
				CE5059BE2B1CF42600AEEA83 /* Apple FrameworksTests */,
				CE5059C82B1CF42600AEEA83 /* Apple FrameworksUITests */,
			);
		};
/* End PBXProject section */

/* Begin PBXResourcesBuildPhase section */
		CE5059AD2B1CF42500AEEA83 /* Resources */ = {
			isa = PBXResourcesBuildPhase;
			buildActionMask = 2147483647;
			files = (
				CE5059BA2B1CF42600AEEA83 /* Preview Assets.xcassets in Resources */,
				CE5059B72B1CF42600AEEA83 /* Assets.xcassets in Resources */,
			);
			runOnlyForDeploymentPostprocessing = 0;
		};
		CE5059BD2B1CF42600AEEA83 /* Resources */ = {
			isa = PBXResourcesBuildPhase;
			buildActionMask = 2147483647;
			files = (
			);
			runOnlyForDeploymentPostprocessing = 0;
		};
		CE5059C72B1CF42600AEEA83 /* Resources */ = {
			isa = PBXResourcesBuildPhase;
			buildActionMask = 2147483647;
			files = (
			);
			runOnlyForDeploymentPostprocessing = 0;
		};
/* End PBXResourcesBuildPhase section */

/* Begin PBXSourcesBuildPhase section */
		CE5059AB2B1CF42500AEEA83 /* Sources */ = {
			isa = PBXSourcesBuildPhase;
			buildActionMask = 2147483647;
			files = (
				CE5059B52B1CF42500AEEA83 /* ContentView.swift in Sources */,
				CE5059B32B1CF42500AEEA83 /* Apple_FrameworksApp.swift in Sources */,
			);
			runOnlyForDeploymentPostprocessing = 0;
		};
		CE5059BB2B1CF42600AEEA83 /* Sources */ = {
			isa = PBXSourcesBuildPhase;
			buildActionMask = 2147483647;
			files = (
				CE5059C42B1CF42600AEEA83 /* Apple_FrameworksTests.swift in Sources */,
			);
			runOnlyForDeploymentPostprocessing = 0;
		};
		CE5059C52B1CF42600AEEA83 /* Sources */ = {
			isa = PBXSourcesBuildPhase;
			buildActionMask = 2147483647;
			files = (
				CE5059D02B1CF42600AEEA83 /* Apple_FrameworksUITestsLaunchTests.swift in Sources */,
				CE5059CE2B1CF42600AEEA83 /* Apple_FrameworksUITests.swift in Sources */,
			);
			runOnlyForDeploymentPostprocessing = 0;
		};
/* End PBXSourcesBuildPhase section */

/* Begin PBXTargetDependency section */
		CE5059C12B1CF42600AEEA83 /* PBXTargetDependency */ = {
			isa = PBXTargetDependency;
			target = CE5059AE2B1CF42500AEEA83 /* Apple Frameworks */;
			targetProxy = CE5059C02B1CF42600AEEA83 /* PBXContainerItemProxy */;
		};
		CE5059CB2B1CF42600AEEA83 /* PBXTargetDependency */ = {
			isa = PBXTargetDependency;
			target = CE5059AE2B1CF42500AEEA83 /* Apple Frameworks */;
			targetProxy = CE5059CA2B1CF42600AEEA83 /* PBXContainerItemProxy */;
		};
/* End PBXTargetDependency section */

/* Begin XCBuildConfiguration section */
		CE5059D12B1CF42600AEEA83 /* Debug */ = {
			isa = XCBuildConfiguration;
			buildSettings = {
				ALWAYS_SEARCH_USER_PATHS = NO;
				CLANG_ANALYZER_NONNULL = YES;
				CLANG_ANALYZER_NUMBER_OBJECT_CONVERSION = YES_AGGRESSIVE;
				CLANG_CXX_LANGUAGE_STANDARD = "gnu++20";
				CLANG_ENABLE_MODULES = YES;
				CLANG_ENABLE_OBJC_ARC = YES;
				CLANG_ENABLE_OBJC_WEAK = YES;
				CLANG_WARN_BLOCK_CAPTURE_AUTORELEASING = YES;
				CLANG_WARN_BOOL_CONVERSION = YES;
				CLANG_WARN_COMMA = YES;
				CLANG_WARN_CONSTANT_CONVERSION = YES;
				CLANG_WARN_DEPRECATED_OBJC_IMPLEMENTATIONS = YES;
				CLANG_WARN_DIRECT_OBJC_ISA_USAGE = YES_ERROR;
				CLANG_WARN_DOCUMENTATION_COMMENTS = YES;
				CLANG_WARN_EMPTY_BODY = YES;
				CLANG_WARN_ENUM_CONVERSION = YES;
				CLANG_WARN_INFINITE_RECURSION = YES;
				CLANG_WARN_INT_CONVERSION = YES;
				CLANG_WARN_NON_LITERAL_NULL_CONVERSION = YES;
				CLANG_WARN_OBJC_IMPLICIT_RETAIN_SELF = YES;
				CLANG_WARN_OBJC_LITERAL_CONVERSION = YES;
				CLANG_WARN_OBJC_ROOT_CLASS = YES_ERROR;
				CLANG_WARN_QUOTED_INCLUDE_IN_FRAMEWORK_HEADER = YES;
				CLANG_WARN_RANGE_LOOP_ANALYSIS = YES;
				CLANG_WARN_STRICT_PROTOTYPES = YES;
				CLANG_WARN_SUSPICIOUS_MOVE = YES;
				CLANG_WARN_UNGUARDED_AVAILABILITY = YES_AGGRESSIVE;
				CLANG_WARN_UNREACHABLE_CODE = YES;
				CLANG_WARN__DUPLICATE_METHOD_MATCH = YES;
				COPY_PHASE_STRIP = NO;
				DEBUG_INFORMATION_FORMAT = dwarf;
				ENABLE_STRICT_OBJC_MSGSEND = YES;
				ENABLE_TESTABILITY = YES;
				GCC_C_LANGUAGE_STANDARD = gnu11;
				GCC_DYNAMIC_NO_PIC = NO;
				GCC_NO_COMMON_BLOCKS = YES;
				GCC_OPTIMIZATION_LEVEL = 0;
				GCC_PREPROCESSOR_DEFINITIONS = (
					"DEBUG=1",
					"$(inherited)",
				);
				GCC_WARN_64_TO_32_BIT_CONVERSION = YES;
				GCC_WARN_ABOUT_RETURN_TYPE = YES_ERROR;
				GCC_WARN_UNDECLARED_SELECTOR = YES;
				GCC_WARN_UNINITIALIZED_AUTOS = YES_AGGRESSIVE;
				GCC_WARN_UNUSED_FUNCTION = YES;
				GCC_WARN_UNUSED_VARIABLE = YES;
				IPHONEOS_DEPLOYMENT_TARGET = 16.4;
				MTL_ENABLE_DEBUG_INFO = INCLUDE_SOURCE;
				MTL_FAST_MATH = YES;
				ONLY_ACTIVE_ARCH = YES;
				SDKROOT = iphoneos;
				SWIFT_ACTIVE_COMPILATION_CONDITIONS = DEBUG;
				SWIFT_OPTIMIZATION_LEVEL = "-Onone";
			};
			name = Debug;
		};
		CE5059D22B1CF42600AEEA83 /* Release */ = {
			isa = XCBuildConfiguration;
			buildSettings = {
				ALWAYS_SEARCH_USER_PATHS = NO;
				CLANG_ANALYZER_NONNULL = YES;
				CLANG_ANALYZER_NUMBER_OBJECT_CONVERSION = YES_AGGRESSIVE;
				CLANG_CXX_LANGUAGE_STANDARD = "gnu++20";
				CLANG_ENABLE_MODULES = YES;
				CLANG_ENABLE_OBJC_ARC = YES;
				CLANG_ENABLE_OBJC_WEAK = YES;
				CLANG_WARN_BLOCK_CAPTURE_AUTORELEASING = YES;
				CLANG_WARN_BOOL_CONVERSION = YES;
				CLANG_WARN_COMMA = YES;
				CLANG_WARN_CONSTANT_CONVERSION = YES;
				CLANG_WARN_DEPRECATED_OBJC_IMPLEMENTATIONS = YES;
				CLANG_WARN_DIRECT_OBJC_ISA_USAGE = YES_ERROR;
				CLANG_WARN_DOCUMENTATION_COMMENTS = YES;
				CLANG_WARN_EMPTY_BODY = YES;
				CLANG_WARN_ENUM_CONVERSION = YES;
				CLANG_WARN_INFINITE_RECURSION = YES;
				CLANG_WARN_INT_CONVERSION = YES;
				CLANG_WARN_NON_LITERAL_NULL_CONVERSION = YES;
				CLANG_WARN_OBJC_IMPLICIT_RETAIN_SELF = YES;
				CLANG_WARN_OBJC_LITERAL_CONVERSION = YES;
				CLANG_WARN_OBJC_ROOT_CLASS = YES_ERROR;
				CLANG_WARN_QUOTED_INCLUDE_IN_FRAMEWORK_HEADER = YES;
				CLANG_WARN_RANGE_LOOP_ANALYSIS = YES;
				CLANG_WARN_STRICT_PROTOTYPES = YES;
				CLANG_WARN_SUSPICIOUS_MOVE = YES;
				CLANG_WARN_UNGUARDED_AVAILABILITY = YES_AGGRESSIVE;
				CLANG_WARN_UNREACHABLE_CODE = YES;
				CLANG_WARN__DUPLICATE_METHOD_MATCH = YES;
				COPY_PHASE_STRIP = NO;
				DEBUG_INFORMATION_FORMAT = "dwarf-with-dsym";
				ENABLE_NS_ASSERTIONS = NO;
				ENABLE_STRICT_OBJC_MSGSEND = YES;
				GCC_C_LANGUAGE_STANDARD = gnu11;
				GCC_NO_COMMON_BLOCKS = YES;
				GCC_WARN_64_TO_32_BIT_CONVERSION = YES;
				GCC_WARN_ABOUT_RETURN_TYPE = YES_ERROR;
				GCC_WARN_UNDECLARED_SELECTOR = YES;
				GCC_WARN_UNINITIALIZED_AUTOS = YES_AGGRESSIVE;
				GCC_WARN_UNUSED_FUNCTION = YES;
				GCC_WARN_UNUSED_VARIABLE = YES;
				IPHONEOS_DEPLOYMENT_TARGET = 16.4;
				MTL_ENABLE_DEBUG_INFO = NO;
				MTL_FAST_MATH = YES;
				SDKROOT = iphoneos;
				SWIFT_COMPILATION_MODE = wholemodule;
				SWIFT_OPTIMIZATION_LEVEL = "-O";
				VALIDATE_PRODUCT = YES;
			};
			name = Release;
		};
		CE5059D42B1CF42600AEEA83 /* Debug */ = {
			isa = XCBuildConfiguration;
			buildSettings = {
				ASSETCATALOG_COMPILER_APPICON_NAME = AppIcon;
				ASSETCATALOG_COMPILER_GLOBAL_ACCENT_COLOR_NAME = AccentColor;
				CODE_SIGN_STYLE = Automatic;
				CURRENT_PROJECT_VERSION = 1;
				DEVELOPMENT_ASSET_PATHS = "\"Apple Frameworks/Preview Content\"";
				ENABLE_PREVIEWS = YES;
				GENERATE_INFOPLIST_FILE = YES;
				INFOPLIST_KEY_UIApplicationSceneManifest_Generation = YES;
				INFOPLIST_KEY_UIApplicationSupportsIndirectInputEvents = YES;
				INFOPLIST_KEY_UILaunchScreen_Generation = YES;
				INFOPLIST_KEY_UISupportedInterfaceOrientations_iPad = "UIInterfaceOrientationPortrait UIInterfaceOrientationPortraitUpsideDown UIInterfaceOrientationLandscapeLeft UIInterfaceOrientationLandscapeRight";
				INFOPLIST_KEY_UISupportedInterfaceOrientations_iPhone = "UIInterfaceOrientationPortrait UIInterfaceOrientationLandscapeLeft UIInterfaceOrientationLandscapeRight";
				LD_RUNPATH_SEARCH_PATHS = (
					"$(inherited)",
					"@executable_path/Frameworks",
				);
				MARKETING_VERSION = 1.0;
				PRODUCT_BUNDLE_IDENTIFIER = "com.Softprodigy.Apple-Frameworks";
				PRODUCT_NAME = "$(TARGET_NAME)";
				SWIFT_EMIT_LOC_STRINGS = YES;
				SWIFT_VERSION = 5.0;
				TARGETED_DEVICE_FAMILY = "1,2";
			};
			name = Debug;
		};
		CE5059D52B1CF42600AEEA83 /* Release */ = {
			isa = XCBuildConfiguration;
			buildSettings = {
				ASSETCATALOG_COMPILER_APPICON_NAME = AppIcon;
				ASSETCATALOG_COMPILER_GLOBAL_ACCENT_COLOR_NAME = AccentColor;
				CODE_SIGN_STYLE = Automatic;
				CURRENT_PROJECT_VERSION = 1;
				DEVELOPMENT_ASSET_PATHS = "\"Apple Frameworks/Preview Content\"";
				ENABLE_PREVIEWS = YES;
				GENERATE_INFOPLIST_FILE = YES;
				INFOPLIST_KEY_UIApplicationSceneManifest_Generation = YES;
				INFOPLIST_KEY_UIApplicationSupportsIndirectInputEvents = YES;
				INFOPLIST_KEY_UILaunchScreen_Generation = YES;
				INFOPLIST_KEY_UISupportedInterfaceOrientations_iPad = "UIInterfaceOrientationPortrait UIInterfaceOrientationPortraitUpsideDown UIInterfaceOrientationLandscapeLeft UIInterfaceOrientationLandscapeRight";
				INFOPLIST_KEY_UISupportedInterfaceOrientations_iPhone = "UIInterfaceOrientationPortrait UIInterfaceOrientationLandscapeLeft UIInterfaceOrientationLandscapeRight";
				LD_RUNPATH_SEARCH_PATHS = (
					"$(inherited)",
					"@executable_path/Frameworks",
				);
				MARKETING_VERSION = 1.0;
				PRODUCT_BUNDLE_IDENTIFIER = "com.Softprodigy.Apple-Frameworks";
				PRODUCT_NAME = "$(TARGET_NAME)";
				SWIFT_EMIT_LOC_STRINGS = YES;
				SWIFT_VERSION = 5.0;
				TARGETED_DEVICE_FAMILY = "1,2";
			};
			name = Release;
		};
		CE5059D72B1CF42600AEEA83 /* Debug */ = {
			isa = XCBuildConfiguration;
			buildSettings = {
				ALWAYS_EMBED_SWIFT_STANDARD_LIBRARIES = YES;
				BUNDLE_LOADER = "$(TEST_HOST)";
				CODE_SIGN_STYLE = Automatic;
				CURRENT_PROJECT_VERSION = 1;
				GENERATE_INFOPLIST_FILE = YES;
				IPHONEOS_DEPLOYMENT_TARGET = 16.4;
				MARKETING_VERSION = 1.0;
				PRODUCT_BUNDLE_IDENTIFIER = "com.Softprodigy.Apple-FrameworksTests";
				PRODUCT_NAME = "$(TARGET_NAME)";
				SWIFT_EMIT_LOC_STRINGS = NO;
				SWIFT_VERSION = 5.0;
				TARGETED_DEVICE_FAMILY = "1,2";
				TEST_HOST = "$(BUILT_PRODUCTS_DIR)/Apple Frameworks.app/$(BUNDLE_EXECUTABLE_FOLDER_PATH)/Apple Frameworks";
			};
			name = Debug;
		};
		CE5059D82B1CF42600AEEA83 /* Release */ = {
			isa = XCBuildConfiguration;
			buildSettings = {
				ALWAYS_EMBED_SWIFT_STANDARD_LIBRARIES = YES;
				BUNDLE_LOADER = "$(TEST_HOST)";
				CODE_SIGN_STYLE = Automatic;
				CURRENT_PROJECT_VERSION = 1;
				GENERATE_INFOPLIST_FILE = YES;
				IPHONEOS_DEPLOYMENT_TARGET = 16.4;
				MARKETING_VERSION = 1.0;
				PRODUCT_BUNDLE_IDENTIFIER = "com.Softprodigy.Apple-FrameworksTests";
				PRODUCT_NAME = "$(TARGET_NAME)";
				SWIFT_EMIT_LOC_STRINGS = NO;
				SWIFT_VERSION = 5.0;
				TARGETED_DEVICE_FAMILY = "1,2";
				TEST_HOST = "$(BUILT_PRODUCTS_DIR)/Apple Frameworks.app/$(BUNDLE_EXECUTABLE_FOLDER_PATH)/Apple Frameworks";
			};
			name = Release;
		};
		CE5059DA2B1CF42600AEEA83 /* Debug */ = {
			isa = XCBuildConfiguration;
			buildSettings = {
				ALWAYS_EMBED_SWIFT_STANDARD_LIBRARIES = YES;
				CODE_SIGN_STYLE = Automatic;
				CURRENT_PROJECT_VERSION = 1;
				GENERATE_INFOPLIST_FILE = YES;
				MARKETING_VERSION = 1.0;
				PRODUCT_BUNDLE_IDENTIFIER = "com.Softprodigy.Apple-FrameworksUITests";
				PRODUCT_NAME = "$(TARGET_NAME)";
				SWIFT_EMIT_LOC_STRINGS = NO;
				SWIFT_VERSION = 5.0;
				TARGETED_DEVICE_FAMILY = "1,2";
				TEST_TARGET_NAME = "Apple Frameworks";
			};
			name = Debug;
		};
		CE5059DB2B1CF42600AEEA83 /* Release */ = {
			isa = XCBuildConfiguration;
			buildSettings = {
				ALWAYS_EMBED_SWIFT_STANDARD_LIBRARIES = YES;
				CODE_SIGN_STYLE = Automatic;
				CURRENT_PROJECT_VERSION = 1;
				GENERATE_INFOPLIST_FILE = YES;
				MARKETING_VERSION = 1.0;
				PRODUCT_BUNDLE_IDENTIFIER = "com.Softprodigy.Apple-FrameworksUITests";
				PRODUCT_NAME = "$(TARGET_NAME)";
				SWIFT_EMIT_LOC_STRINGS = NO;
				SWIFT_VERSION = 5.0;
				TARGETED_DEVICE_FAMILY = "1,2";
				TEST_TARGET_NAME = "Apple Frameworks";
			};
			name = Release;
		};
/* End XCBuildConfiguration section */

/* Begin XCConfigurationList section */
		CE5059AA2B1CF42500AEEA83 /* Build configuration list for PBXProject "Apple Frameworks" */ = {
			isa = XCConfigurationList;
			buildConfigurations = (
				CE5059D12B1CF42600AEEA83 /* Debug */,
				CE5059D22B1CF42600AEEA83 /* Release */,
			);
			defaultConfigurationIsVisible = 0;
			defaultConfigurationName = Release;
		};
		CE5059D32B1CF42600AEEA83 /* Build configuration list for PBXNativeTarget "Apple Frameworks" */ = {
			isa = XCConfigurationList;
			buildConfigurations = (
				CE5059D42B1CF42600AEEA83 /* Debug */,
				CE5059D52B1CF42600AEEA83 /* Release */,
			);
			defaultConfigurationIsVisible = 0;
			defaultConfigurationName = Release;
		};
		CE5059D62B1CF42600AEEA83 /* Build configuration list for PBXNativeTarget "Apple FrameworksTests" */ = {
			isa = XCConfigurationList;
			buildConfigurations = (
				CE5059D72B1CF42600AEEA83 /* Debug */,
				CE5059D82B1CF42600AEEA83 /* Release */,
			);
			defaultConfigurationIsVisible = 0;
			defaultConfigurationName = Release;
		};
		CE5059D92B1CF42600AEEA83 /* Build configuration list for PBXNativeTarget "Apple FrameworksUITests" */ = {
			isa = XCConfigurationList;
			buildConfigurations = (
				CE5059DA2B1CF42600AEEA83 /* Debug */,
				CE5059DB2B1CF42600AEEA83 /* Release */,
			);
			defaultConfigurationIsVisible = 0;
			defaultConfigurationName = Release;
		};
/* End XCConfigurationList section */
	};
	rootObject = CE5059A72B1CF42500AEEA83 /* Project object */;
}
